
Microsoft Visual Studio Solution File, Format Version 12.00
# Visual Studio Version 17
VisualStudioVersion = 17.5.33502.453
MinimumVisualStudioVersion = 10.0.40219.1
Project("{9A19103F-16F7-4668-BE54-9A1E7A4F7556}") = "VillaAPI", "VillaAPI\VillaAPI.csproj", "{1E8FE841-8276-474E-A101-BEA8DF89743F}"
EndProject
Project("{FAE04EC0-301F-11D3-BF4B-00C04F79EFBC}") = "Villa_Web", "Villa_Web\Villa_Web.csproj", "{6333CAEB-3989-414C-BB1A-0E5192640FF1}"
EndProject
Project("{FAE04EC0-301F-11D3-BF4B-00C04F79EFBC}") = "Villa_Utinity", "Villa_Utinity\Villa_Utinity.csproj", "{F218F477-1713-4A8C-8B3E-F8A25965FF80}"
EndProject
Global
	GlobalSection(SolutionConfigurationPlatforms) = preSolution
		Debug|Any CPU = Debug|Any CPU
		Release|Any CPU = Release|Any CPU
	EndGlobalSection
	GlobalSection(ProjectConfigurationPlatforms) = postSolution
		{1E8FE841-8276-474E-A101-BEA8DF89743F}.Debug|Any CPU.ActiveCfg = Debug|Any CPU
		{1E8FE841-8276-474E-A101-BEA8DF89743F}.Debug|Any CPU.Build.0 = Debug|Any CPU
		{1E8FE841-8276-474E-A101-BEA8DF89743F}.Release|Any CPU.ActiveCfg = Release|Any CPU
		{1E8FE841-8276-474E-A101-BEA8DF89743F}.Release|Any CPU.Build.0 = Release|Any CPU
		{6333CAEB-3989-414C-BB1A-0E5192640FF1}.Debug|Any CPU.ActiveCfg = Debug|Any CPU
		{6333CAEB-3989-414C-BB1A-0E5192640FF1}.Debug|Any CPU.Build.0 = Debug|Any CPU
		{6333CAEB-3989-414C-BB1A-0E5192640FF1}.Release|Any CPU.ActiveCfg = Release|Any CPU
		{6333CAEB-3989-414C-BB1A-0E5192640FF1}.Release|Any CPU.Build.0 = Release|Any CPU
		{F218F477-1713-4A8C-8B3E-F8A25965FF80}.Debug|Any CPU.ActiveCfg = Debug|Any CPU
		{F218F477-1713-4A8C-8B3E-F8A25965FF80}.Debug|Any CPU.Build.0 = Debug|Any CPU
		{F218F477-1713-4A8C-8B3E-F8A25965FF80}.Release|Any CPU.ActiveCfg = Release|Any CPU
		{F218F477-1713-4A8C-8B3E-F8A25965FF80}.Release|Any CPU.Build.0 = Release|Any CPU
	EndGlobalSection
	GlobalSection(SolutionProperties) = preSolution
		HideSolutionNode = FALSE
	EndGlobalSection
	GlobalSection(ExtensibilityGlobals) = postSolution
		SolutionGuid = {E860CF13-0596-4C78-AA8A-251CDD26E314}
	EndGlobalSection
EndGlobal
